
Microsoft Visual Studio Solution File, Format Version 12.00
# Visual Studio 14
VisualStudioVersion = 14.0.25123.0
MinimumVisualStudioVersion = 10.0.40219.1
Project("{FAE04EC0-301F-11D3-BF4B-00C04F79EFBC}") = "TestTask", "TestTask\TestTask.csproj", "{E0B8DA9D-030F-4417-A7DB-03435F235608}"
EndProject
Project("{FAE04EC0-301F-11D3-BF4B-00C04F79EFBC}") = "RandomizingLibrary", "RandomizingLibrary\RandomizingLibrary.csproj", "{F03EE17A-50D9-4B3D-BC37-88E5349EFAF3}"
EndProject
Global
	GlobalSection(SolutionConfigurationPlatforms) = preSolution
		CD_ROM|Any CPU = CD_ROM|Any CPU
		CD_ROM|x64 = CD_ROM|x64
		Debug|Any CPU = Debug|Any CPU
		Debug|x64 = Debug|x64
		DVD-5|Any CPU = DVD-5|Any CPU
		DVD-5|x64 = DVD-5|x64
		Release|Any CPU = Release|Any CPU
		Release|x64 = Release|x64
		SingleImage|Any CPU = SingleImage|Any CPU
		SingleImage|x64 = SingleImage|x64
	EndGlobalSection
	GlobalSection(ProjectConfigurationPlatforms) = postSolution
		{E0B8DA9D-030F-4417-A7DB-03435F235608}.CD_ROM|Any CPU.ActiveCfg = Release|Any CPU
		{E0B8DA9D-030F-4417-A7DB-03435F235608}.CD_ROM|Any CPU.Build.0 = Release|Any CPU
		{E0B8DA9D-030F-4417-A7DB-03435F235608}.CD_ROM|x64.ActiveCfg = Release|Any CPU
		{E0B8DA9D-030F-4417-A7DB-03435F235608}.CD_ROM|x64.Build.0 = Release|Any CPU
		{E0B8DA9D-030F-4417-A7DB-03435F235608}.Debug|Any CPU.ActiveCfg = Debug|Any CPU
		{E0B8DA9D-030F-4417-A7DB-03435F235608}.Debug|Any CPU.Build.0 = Debug|Any CPU
		{E0B8DA9D-030F-4417-A7DB-03435F235608}.Debug|x64.ActiveCfg = Debug|Any CPU
		{E0B8DA9D-030F-4417-A7DB-03435F235608}.Debug|x64.Build.0 = Debug|Any CPU
		{E0B8DA9D-030F-4417-A7DB-03435F235608}.DVD-5|Any CPU.ActiveCfg = Debug|Any CPU
		{E0B8DA9D-030F-4417-A7DB-03435F235608}.DVD-5|Any CPU.Build.0 = Debug|Any CPU
		{E0B8DA9D-030F-4417-A7DB-03435F235608}.DVD-5|x64.ActiveCfg = Debug|Any CPU
		{E0B8DA9D-030F-4417-A7DB-03435F235608}.DVD-5|x64.Build.0 = Debug|Any CPU
		{E0B8DA9D-030F-4417-A7DB-03435F235608}.Release|Any CPU.ActiveCfg = Release|Any CPU
		{E0B8DA9D-030F-4417-A7DB-03435F235608}.Release|Any CPU.Build.0 = Release|Any CPU
		{E0B8DA9D-030F-4417-A7DB-03435F235608}.Release|x64.ActiveCfg = Release|Any CPU
		{E0B8DA9D-030F-4417-A7DB-03435F235608}.Release|x64.Build.0 = Release|Any CPU
		{E0B8DA9D-030F-4417-A7DB-03435F235608}.SingleImage|Any CPU.ActiveCfg = Release|Any CPU
		{E0B8DA9D-030F-4417-A7DB-03435F235608}.SingleImage|Any CPU.Build.0 = Release|Any CPU
		{E0B8DA9D-030F-4417-A7DB-03435F235608}.SingleImage|x64.ActiveCfg = Release|Any CPU
		{E0B8DA9D-030F-4417-A7DB-03435F235608}.SingleImage|x64.Build.0 = Release|Any CPU
		{F03EE17A-50D9-4B3D-BC37-88E5349EFAF3}.CD_ROM|Any CPU.ActiveCfg = Release|Any CPU
		{F03EE17A-50D9-4B3D-BC37-88E5349EFAF3}.CD_ROM|Any CPU.Build.0 = Release|Any CPU
		{F03EE17A-50D9-4B3D-BC37-88E5349EFAF3}.CD_ROM|x64.ActiveCfg = Release|Any CPU
		{F03EE17A-50D9-4B3D-BC37-88E5349EFAF3}.CD_ROM|x64.Build.0 = Release|Any CPU
		{F03EE17A-50D9-4B3D-BC37-88E5349EFAF3}.Debug|Any CPU.ActiveCfg = Debug|Any CPU
		{F03EE17A-50D9-4B3D-BC37-88E5349EFAF3}.Debug|Any CPU.Build.0 = Debug|Any CPU
		{F03EE17A-50D9-4B3D-BC37-88E5349EFAF3}.Debug|x64.ActiveCfg = Debug|Any CPU
		{F03EE17A-50D9-4B3D-BC37-88E5349EFAF3}.Debug|x64.Build.0 = Debug|Any CPU
		{F03EE17A-50D9-4B3D-BC37-88E5349EFAF3}.DVD-5|Any CPU.ActiveCfg = Debug|Any CPU
		{F03EE17A-50D9-4B3D-BC37-88E5349EFAF3}.DVD-5|Any CPU.Build.0 = Debug|Any CPU
		{F03EE17A-50D9-4B3D-BC37-88E5349EFAF3}.DVD-5|x64.ActiveCfg = Debug|Any CPU
		{F03EE17A-50D9-4B3D-BC37-88E5349EFAF3}.DVD-5|x64.Build.0 = Debug|Any CPU
		{F03EE17A-50D9-4B3D-BC37-88E5349EFAF3}.Release|Any CPU.ActiveCfg = Release|Any CPU
		{F03EE17A-50D9-4B3D-BC37-88E5349EFAF3}.Release|Any CPU.Build.0 = Release|Any CPU
		{F03EE17A-50D9-4B3D-BC37-88E5349EFAF3}.Release|x64.ActiveCfg = Release|Any CPU
		{F03EE17A-50D9-4B3D-BC37-88E5349EFAF3}.Release|x64.Build.0 = Release|Any CPU
		{F03EE17A-50D9-4B3D-BC37-88E5349EFAF3}.SingleImage|Any CPU.ActiveCfg = Release|Any CPU
		{F03EE17A-50D9-4B3D-BC37-88E5349EFAF3}.SingleImage|Any CPU.Build.0 = Release|Any CPU
		{F03EE17A-50D9-4B3D-BC37-88E5349EFAF3}.SingleImage|x64.ActiveCfg = Release|Any CPU
		{F03EE17A-50D9-4B3D-BC37-88E5349EFAF3}.SingleImage|x64.Build.0 = Release|Any CPU
	EndGlobalSection
	GlobalSection(SolutionProperties) = preSolution
		HideSolutionNode = FALSE
	EndGlobalSection
EndGlobal
